// !$*UTF8*$!
{
	archiveVersion = 1;
	classes = {};
	objectVersion = 56;
	objects = {

		000000000000000000000012 /* VeganCheckerApp.swift in Sources */ = {isa = PBXBuildFile; fileRef = 000000000000000000000011 /* VeganCheckerApp.swift */; };
		000000000000000000000014 /* RootView.swift in Sources */ = {isa = PBXBuildFile; fileRef = 000000000000000000000013 /* RootView.swift */; };
		000000000000000000000016 /* Models.swift in Sources */ = {isa = PBXBuildFile; fileRef = 000000000000000000000015 /* Models.swift */; };
		000000000000000000000018 /* OpenFactsService.swift in Sources */ = {isa = PBXBuildFile; fileRef = 000000000000000000000017 /* OpenFactsService.swift */; };
		00000000000000000000001A /* VeganAnalyzer.swift in Sources */ = {isa = PBXBuildFile; fileRef = 000000000000000000000019 /* VeganAnalyzer.swift */; };
		00000000000000000000001C /* BarcodeScannerView.swift in Sources */ = {isa = PBXBuildFile; fileRef = 00000000000000000000001B /* BarcodeScannerView.swift */; };
		00000000000000000000001E /* MainViews.swift in Sources */ = {isa = PBXBuildFile; fileRef = 00000000000000000000001D /* MainViews.swift */; };
		000000000000000000000020 /* Assets.xcassets in Resources */ = {isa = PBXBuildFile; fileRef = 00000000000000000000001F /* Assets.xcassets */; };

		000000000000000000000011 /* VeganCheckerApp.swift */ = {isa = PBXFileReference; lastKnownFileType = sourcecode.swift; path = VeganCheckerApp.swift; sourceTree = "<group>"; };
		000000000000000000000013 /* RootView.swift */ = {isa = PBXFileReference; lastKnownFileType = sourcecode.swift; path = RootView.swift; sourceTree = "<group>"; };
		000000000000000000000015 /* Models.swift */ = {isa = PBXFileReference; lastKnownFileType = sourcecode.swift; path = Models.swift; sourceTree = "<group>"; };
		000000000000000000000017 /* OpenFactsService.swift */ = {isa = PBXFileReference; lastKnownFileType = sourcecode.swift; path = OpenFactsService.swift; sourceTree = "<group>"; };
		000000000000000000000019 /* VeganAnalyzer.swift */ = {isa = PBXFileReference; lastKnownFileType = sourcecode.swift; path = VeganAnalyzer.swift; sourceTree = "<group>"; };
		00000000000000000000001B /* BarcodeScannerView.swift */ = {isa = PBXFileReference; lastKnownFileType = sourcecode.swift; path = BarcodeScannerView.swift; sourceTree = "<group>"; };
		00000000000000000000001D /* MainViews.swift */ = {isa = PBXFileReference; lastKnownFileType = sourcecode.swift; path = MainViews.swift; sourceTree = "<group>"; };
		00000000000000000000001F /* Assets.xcassets */ = {isa = PBXFileReference; lastKnownFileType = folder.assetcatalog; path = Assets.xcassets; sourceTree = "<group>"; };
		000000000000000000000006 /* VeganChecker.app */ = {isa = PBXFileReference; explicitFileType = wrapper.application; includeInIndex = 0; path = VeganChecker.app; sourceTree = BUILT_PRODUCTS_DIR; };

		000000000000000000000002 = {isa = PBXGroup; children = (000000000000000000000004 /* VeganChecker */, 000000000000000000000005 /* Assets */, 000000000000000000000003 /* Products */); sourceTree = "<group>"; };
		000000000000000000000004 /* VeganChecker */ = {isa = PBXGroup; children = (000000000000000000000011 /* VeganCheckerApp.swift */, 000000000000000000000013 /* RootView.swift */, 000000000000000000000015 /* Models.swift */, 000000000000000000000017 /* OpenFactsService.swift */, 000000000000000000000019 /* VeganAnalyzer.swift */, 00000000000000000000001B /* BarcodeScannerView.swift */, 00000000000000000000001D /* MainViews.swift */); path = VeganChecker; sourceTree = "<group>"; };
		000000000000000000000005 /* Assets */ = {isa = PBXGroup; children = (00000000000000000000001F /* Assets.xcassets */); name = Assets; sourceTree = "<group>"; };
		000000000000000000000003 /* Products */ = {isa = PBXGroup; children = (000000000000000000000006 /* VeganChecker.app */); name = Products; sourceTree = "<group>"; };

		000000000000000000000007 = {isa = PBXFrameworksBuildPhase; buildActionMask = 2147483647; files = (); runOnlyForDeploymentPostprocessing = 0; };
		000000000000000000000008 = {isa = PBXSourcesBuildPhase; buildActionMask = 2147483647; files = (000000000000000000000012 /* VeganCheckerApp.swift in Sources */, 000000000000000000000014 /* RootView.swift in Sources */, 000000000000000000000016 /* Models.swift in Sources */, 000000000000000000000018 /* OpenFactsService.swift in Sources */, 00000000000000000000001A /* VeganAnalyzer.swift in Sources */, 00000000000000000000001C /* BarcodeScannerView.swift in Sources */, 00000000000000000000001E /* MainViews.swift in Sources */); runOnlyForDeploymentPostprocessing = 0; };
		000000000000000000000009 = {isa = PBXResourcesBuildPhase; buildActionMask = 2147483647; files = (000000000000000000000020 /* Assets.xcassets in Resources */); runOnlyForDeploymentPostprocessing = 0; };

		00000000000000000000000D = {isa = XCBuildConfiguration; buildSettings = {ALWAYS_SEARCH_USER_PATHS = NO; CLANG_ANALYZER_NONNULL = YES; CLANG_ANALYZER_NUMBER_OBJECT_CONVERSION = YES_AGGRESSIVE; CLANG_CXX_LANGUAGE_STANDARD = "gnu++20"; CLANG_ENABLE_MODULES = YES; CLANG_ENABLE_OBJC_ARC = YES; CLANG_ENABLE_OBJC_WEAK = YES; CLANG_WARN_DOCUMENTATION_COMMENTS = YES; CLANG_WARN_EMPTY_BODY = YES; CLANG_WARN_INFINITE_RECURSION = YES; CLANG_WARN_INT_CONVERSION = YES; CLANG_WARN_OBJC_ROOT_CLASS = YES_ERROR; CLANG_WARN_QUOTED_INCLUDE_IN_FRAMEWORK_HEADER = YES; CLANG_WARN_STRICT_PROTOTYPES = YES; CLANG_WARN_SUSPICIOUS_MOVE = YES; CLANG_WARN_UNGUARDED_AVAILABILITY = YES_AGGRESSIVE; COPY_PHASE_STRIP = NO; DEBUG_INFORMATION_FORMAT = dwarf; ENABLE_STRICT_OBJC_MSGSEND = YES; ENABLE_TESTABILITY = YES; GCC_C_LANGUAGE_STANDARD = gnu17; GCC_NO_COMMON_BLOCKS = YES; GCC_WARN_64_TO_32_BIT_CONVERSION = YES; GCC_WARN_ABOUT_RETURN_TYPE = YES_ERROR; GCC_WARN_UNDECLARED_SELECTOR = YES; GCC_WARN_UNINITIALIZED_AUTOS = YES_AGGRESSIVE; GCC_WARN_UNUSED_FUNCTION = YES; GCC_WARN_UNUSED_VARIABLE = YES; IPHONEOS_DEPLOYMENT_TARGET = 17.0; MTL_ENABLE_DEBUG_INFO = INCLUDE_SOURCE; MTL_FAST_MATH = YES; ONLY_ACTIVE_ARCH = YES; SDKROOT = iphoneos; SWIFT_ACTIVE_COMPILATION_CONDITIONS = DEBUG; SWIFT_OPTIMIZATION_LEVEL = -Onone; SWIFT_VERSION = 5.9; TARGETED_DEVICE_FAMILY = 1; VALIDATE_PRODUCT = YES; PRODUCT_NAME = VeganChecker; PRODUCT_BUNDLE_IDENTIFIER = com.ralvarezmar.veganchecker; INFOPLIST_KEY_CFBundleDisplayName = VeganChecker; INFOPLIST_KEY_NSCameraUsageDescription = "Necesitamos la cámara para escanear códigos de barras."; INFOPLIST_KEY_UILaunchScreen_Generation = YES; GENERATE_INFOPLIST_FILE = YES; ASSETCATALOG_COMPILER_APPICON_NAME = AppIcon; ENABLE_PREVIEWS = YES; CODE_SIGN_STYLE = Automatic; }; name = Debug; };
		00000000000000000000000E = {isa = XCBuildConfiguration; buildSettings = {ALWAYS_SEARCH_USER_PATHS = NO; CLANG_ANALYZER_NONNULL = YES; CLANG_ANALYZER_NUMBER_OBJECT_CONVERSION = YES_AGGRESSIVE; CLANG_CXX_LANGUAGE_STANDARD = "gnu++20"; CLANG_ENABLE_MODULES = YES; CLANG_ENABLE_OBJC_ARC = YES; CLANG_ENABLE_OBJC_WEAK = YES; CLANG_WARN_DOCUMENTATION_COMMENTS = YES; CLANG_WARN_EMPTY_BODY = YES; CLANG_WARN_INFINITE_RECURSION = YES; CLANG_WARN_INT_CONVERSION = YES; CLANG_WARN_OBJC_ROOT_CLASS = YES_ERROR; CLANG_WARN_QUOTED_INCLUDE_IN_FRAMEWORK_HEADER = YES; CLANG_WARN_STRICT_PROTOTYPES = YES; CLANG_WARN_SUSPICIOUS_MOVE = YES; CLANG_WARN_UNGUARDED_AVAILABILITY = YES_AGGRESSIVE; COPY_PHASE_STRIP = NO; DEBUG_INFORMATION_FORMAT = dwarf-with-dsym; ENABLE_STRICT_OBJC_MSGSEND = YES; ENABLE_TESTABILITY = YES; GCC_C_LANGUAGE_STANDARD = gnu17; GCC_NO_COMMON_BLOCKS = YES; GCC_WARN_64_TO_32_BIT_CONVERSION = YES; GCC_WARN_ABOUT_RETURN_TYPE = YES_ERROR; GCC_WARN_UNDECLARED_SELECTOR = YES; GCC_WARN_UNINITIALIZED_AUTOS = YES_AGGRESSIVE; GCC_WARN_UNUSED_FUNCTION = YES; GCC_WARN_UNUSED_VARIABLE = YES; IPHONEOS_DEPLOYMENT_TARGET = 17.0; MTL_ENABLE_DEBUG_INFO = INCLUDE_SOURCE; MTL_FAST_MATH = YES; ONLY_ACTIVE_ARCH = YES; SDKROOT = iphoneos; SWIFT_ACTIVE_COMPILATION_CONDITIONS = ; SWIFT_OPTIMIZATION_LEVEL = -O; SWIFT_VERSION = 5.9; TARGETED_DEVICE_FAMILY = 1; VALIDATE_PRODUCT = YES; SWIFT_COMPILATION_MODE = wholemodule; PRODUCT_NAME = VeganChecker; PRODUCT_BUNDLE_IDENTIFIER = com.ralvarezmar.veganchecker; INFOPLIST_KEY_CFBundleDisplayName = VeganChecker; INFOPLIST_KEY_NSCameraUsageDescription = "Necesitamos la cámara para escanear códigos de barras."; INFOPLIST_KEY_UILaunchScreen_Generation = YES; GENERATE_INFOPLIST_FILE = YES; ASSETCATALOG_COMPILER_APPICON_NAME = AppIcon; ENABLE_PREVIEWS = YES; CODE_SIGN_STYLE = Automatic; }; name = Release; };
		00000000000000000000000F = {isa = XCBuildConfiguration; buildSettings = {ALWAYS_SEARCH_USER_PATHS = NO; CLANG_ANALYZER_NONNULL = YES; CLANG_ANALYZER_NUMBER_OBJECT_CONVERSION = YES_AGGRESSIVE; CLANG_CXX_LANGUAGE_STANDARD = "gnu++20"; CLANG_ENABLE_MODULES = YES; CLANG_ENABLE_OBJC_ARC = YES; CLANG_ENABLE_OBJC_WEAK = YES; CLANG_WARN_DOCUMENTATION_COMMENTS = YES; CLANG_WARN_EMPTY_BODY = YES; CLANG_WARN_INFINITE_RECURSION = YES; CLANG_WARN_INT_CONVERSION = YES; CLANG_WARN_OBJC_ROOT_CLASS = YES_ERROR; CLANG_WARN_QUOTED_INCLUDE_IN_FRAMEWORK_HEADER = YES; CLANG_WARN_STRICT_PROTOTYPES = YES; CLANG_WARN_SUSPICIOUS_MOVE = YES; CLANG_WARN_UNGUARDED_AVAILABILITY = YES_AGGRESSIVE; COPY_PHASE_STRIP = NO; DEBUG_INFORMATION_FORMAT = dwarf; ENABLE_STRICT_OBJC_MSGSEND = YES; ENABLE_TESTABILITY = YES; GCC_C_LANGUAGE_STANDARD = gnu17; GCC_NO_COMMON_BLOCKS = YES; GCC_WARN_64_TO_32_BIT_CONVERSION = YES; GCC_WARN_ABOUT_RETURN_TYPE = YES_ERROR; GCC_WARN_UNDECLARED_SELECTOR = YES; GCC_WARN_UNINITIALIZED_AUTOS = YES_AGGRESSIVE; GCC_WARN_UNUSED_FUNCTION = YES; GCC_WARN_UNUSED_VARIABLE = YES; IPHONEOS_DEPLOYMENT_TARGET = 17.0; MTL_ENABLE_DEBUG_INFO = INCLUDE_SOURCE; MTL_FAST_MATH = YES; ONLY_ACTIVE_ARCH = YES; SDKROOT = iphoneos; SWIFT_ACTIVE_COMPILATION_CONDITIONS = DEBUG; SWIFT_OPTIMIZATION_LEVEL = -Onone; SWIFT_VERSION = 5.9; TARGETED_DEVICE_FAMILY = 1; VALIDATE_PRODUCT = YES; PRODUCT_NAME = VeganChecker; PRODUCT_BUNDLE_IDENTIFIER = com.ralvarezmar.veganchecker; INFOPLIST_KEY_CFBundleDisplayName = VeganChecker; INFOPLIST_KEY_NSCameraUsageDescription = "Necesitamos la cámara para escanear códigos de barras."; INFOPLIST_KEY_UILaunchScreen_Generation = YES; GENERATE_INFOPLIST_FILE = YES; ASSETCATALOG_COMPILER_APPICON_NAME = AppIcon; ENABLE_PREVIEWS = YES; CODE_SIGN_STYLE = Automatic; }; name = Debug; };
		000000000000000000000010 = {isa = XCBuildConfiguration; buildSettings = {ALWAYS_SEARCH_USER_PATHS = NO; CLANG_ANALYZER_NONNULL = YES; CLANG_ANALYZER_NUMBER_OBJECT_CONVERSION = YES_AGGRESSIVE; CLANG_CXX_LANGUAGE_STANDARD = "gnu++20"; CLANG_ENABLE_MODULES = YES; CLANG_ENABLE_OBJC_ARC = YES; CLANG_ENABLE_OBJC_WEAK = YES; CLANG_WARN_DOCUMENTATION_COMMENTS = YES; CLANG_WARN_EMPTY_BODY = YES; CLANG_WARN_INFINITE_RECURSION = YES; CLANG_WARN_INT_CONVERSION = YES; CLANG_WARN_OBJC_ROOT_CLASS = YES_ERROR; CLANG_WARN_QUOTED_INCLUDE_IN_FRAMEWORK_HEADER = YES; CLANG_WARN_STRICT_PROTOTYPES = YES; CLANG_WARN_SUSPICIOUS_MOVE = YES; CLANG_WARN_UNGUARDED_AVAILABILITY = YES_AGGRESSIVE; COPY_PHASE_STRIP = NO; DEBUG_INFORMATION_FORMAT = dwarf-with-dsym; ENABLE_STRICT_OBJC_MSGSEND = YES; ENABLE_TESTABILITY = YES; GCC_C_LANGUAGE_STANDARD = gnu17; GCC_NO_COMMON_BLOCKS = YES; GCC_WARN_64_TO_32_BIT_CONVERSION = YES; GCC_WARN_ABOUT_RETURN_TYPE = YES_ERROR; GCC_WARN_UNDECLARED_SELECTOR = YES; GCC_WARN_UNINITIALIZED_AUTOS = YES_AGGRESSIVE; GCC_WARN_UNUSED_FUNCTION = YES; GCC_WARN_UNUSED_VARIABLE = YES; IPHONEOS_DEPLOYMENT_TARGET = 17.0; MTL_ENABLE_DEBUG_INFO = INCLUDE_SOURCE; MTL_FAST_MATH = YES; ONLY_ACTIVE_ARCH = YES; SDKROOT = iphoneos; SWIFT_ACTIVE_COMPILATION_CONDITIONS = ; SWIFT_OPTIMIZATION_LEVEL = -O; SWIFT_VERSION = 5.9; TARGETED_DEVICE_FAMILY = 1; VALIDATE_PRODUCT = YES; SWIFT_COMPILATION_MODE = wholemodule; PRODUCT_NAME = VeganChecker; PRODUCT_BUNDLE_IDENTIFIER = com.ralvarezmar.veganchecker; INFOPLIST_KEY_CFBundleDisplayName = VeganChecker; INFOPLIST_KEY_NSCameraUsageDescription = "Necesitamos la cámara para escanear códigos de barras."; INFOPLIST_KEY_UILaunchScreen_Generation = YES; GENERATE_INFOPLIST_FILE = YES; ASSETCATALOG_COMPILER_APPICON_NAME = AppIcon; ENABLE_PREVIEWS = YES; CODE_SIGN_STYLE = Automatic; }; name = Release; };

		00000000000000000000000A = {isa = XCConfigurationList; buildConfigurations = (00000000000000000000000D /* Debug */, 00000000000000000000000E /* Release */); defaultConfigurationIsVisible = 0; defaultConfigurationName = Release; };
		00000000000000000000000B = {isa = XCConfigurationList; buildConfigurations = (00000000000000000000000F /* Debug */, 000000000000000000000010 /* Release */); defaultConfigurationIsVisible = 0; defaultConfigurationName = Release; };

		00000000000000000000000C = {isa = PBXNativeTarget; buildConfigurationList = 00000000000000000000000B; buildPhases = (000000000000000000000007 /* Frameworks */, 000000000000000000000008 /* Sources */, 000000000000000000000009 /* Resources */); buildRules = (); dependencies = (); name = VeganChecker; productName = VeganChecker; productReference = 000000000000000000000006 /* VeganChecker.app */; productType = "com.apple.product-type.application"; };

		000000000000000000000001 = {isa = PBXProject; attributes = {LastSwiftUpdateCheck = 1530; LastUpgradeCheck = 1530; TargetAttributes = {00000000000000000000000C = {CreatedOnToolsVersion = 15.0;};}; }; buildConfigurationList = 00000000000000000000000A; compatibilityVersion = "Xcode 15.0"; developmentRegion = en; hasScannedForEncodings = 0; knownRegions = (en, Base, es); mainGroup = 000000000000000000000002; minimizeProjectReferenceProxies = 1; preferredProjectObjectVersion = 56; productRefGroup = 000000000000000000000003; projectDirPath = ""; projectRoot = ""; targets = (00000000000000000000000C); };
	};
	rootObject = 000000000000000000000001;
}
